
Microsoft Visual Studio Solution File, Format Version 12.00
# Visual Studio Version 17
VisualStudioVersion = 17.0.31903.59
MinimumVisualStudioVersion = 10.0.40219.1
Project("{FAE04EC0-301F-11D3-BF4B-00C04F79EFBC}") = "LgymApi.Api", "LgymApi.Api\LgymApi.Api.csproj", "{971A3576-7067-4DE9-ADCB-914428FC0C9C}"
EndProject
Project("{FAE04EC0-301F-11D3-BF4B-00C04F79EFBC}") = "LgymApi.Domain", "LgymApi.Domain\LgymApi.Domain.csproj", "{90CD2171-DA8E-4006-A1BA-8B39A9F7C6D0}"
EndProject
Project("{FAE04EC0-301F-11D3-BF4B-00C04F79EFBC}") = "LgymApi.Application", "LgymApi.Application\LgymApi.Application.csproj", "{28E875E0-8FC5-4C50-B17B-A3A1095A0E7C}"
EndProject
Project("{FAE04EC0-301F-11D3-BF4B-00C04F79EFBC}") = "LgymApi.Infrastructure", "LgymApi.Infrastructure\LgymApi.Infrastructure.csproj", "{2026508E-C113-4EA2-9131-FC93DF9DF6F4}"
EndProject
Project("{FAE04EC0-301F-11D3-BF4B-00C04F79EFBC}") = "LgymApi.Resources", "LgymApi.Resources\LgymApi.Resources.csproj", "{A675BEED-7E14-4804-91B9-78D25A9B811E}"
EndProject
Project("{FAE04EC0-301F-11D3-BF4B-00C04F79EFBC}") = "LgymApi.Resources.Generator", "LgymApi.Resources.Generator\LgymApi.Resources.Generator.csproj", "{7ED7B688-051B-4B94-9ABA-ECA68D2CD290}"
EndProject
Project("{FAE04EC0-301F-11D3-BF4B-00C04F79EFBC}") = "LgymApi.IntegrationTests", "LgymApi.IntegrationTests\LgymApi.IntegrationTests.csproj", "{90701BBE-F35C-4E8F-B411-E8ABE50E69BA}"
EndProject
Project("{FAE04EC0-301F-11D3-BF4B-00C04F79EFBC}") = "LgymApi.UnitTests", "LgymApi.UnitTests\LgymApi.UnitTests.csproj", "{4C7DE179-668C-43B7-BB30-F30F6E8C01A8}"
EndProject
Project("{FAE04EC0-301F-11D3-BF4B-00C04F79EFBC}") = "LgymApi.ArchitectureTests", "LgymApi.ArchitectureTests\LgymApi.ArchitectureTests.csproj", "{9C66D49C-3F72-42FB-977E-A1AC398516EC}"
EndProject
Global
	GlobalSection(SolutionConfigurationPlatforms) = preSolution
		Debug|Any CPU = Debug|Any CPU
		Debug|x64 = Debug|x64
		Debug|x86 = Debug|x86
		Release|Any CPU = Release|Any CPU
		Release|x64 = Release|x64
		Release|x86 = Release|x86
	EndGlobalSection
	GlobalSection(ProjectConfigurationPlatforms) = postSolution
		{971A3576-7067-4DE9-ADCB-914428FC0C9C}.Debug|Any CPU.ActiveCfg = Debug|Any CPU
		{971A3576-7067-4DE9-ADCB-914428FC0C9C}.Debug|Any CPU.Build.0 = Debug|Any CPU
		{971A3576-7067-4DE9-ADCB-914428FC0C9C}.Debug|x64.ActiveCfg = Debug|Any CPU
		{971A3576-7067-4DE9-ADCB-914428FC0C9C}.Debug|x64.Build.0 = Debug|Any CPU
		{971A3576-7067-4DE9-ADCB-914428FC0C9C}.Debug|x86.ActiveCfg = Debug|Any CPU
		{971A3576-7067-4DE9-ADCB-914428FC0C9C}.Debug|x86.Build.0 = Debug|Any CPU
		{971A3576-7067-4DE9-ADCB-914428FC0C9C}.Release|Any CPU.ActiveCfg = Release|Any CPU
		{971A3576-7067-4DE9-ADCB-914428FC0C9C}.Release|Any CPU.Build.0 = Release|Any CPU
		{971A3576-7067-4DE9-ADCB-914428FC0C9C}.Release|x64.ActiveCfg = Release|Any CPU
		{971A3576-7067-4DE9-ADCB-914428FC0C9C}.Release|x64.Build.0 = Release|Any CPU
		{971A3576-7067-4DE9-ADCB-914428FC0C9C}.Release|x86.ActiveCfg = Release|Any CPU
		{971A3576-7067-4DE9-ADCB-914428FC0C9C}.Release|x86.Build.0 = Release|Any CPU
		{90CD2171-DA8E-4006-A1BA-8B39A9F7C6D0}.Debug|Any CPU.ActiveCfg = Debug|Any CPU
		{90CD2171-DA8E-4006-A1BA-8B39A9F7C6D0}.Debug|Any CPU.Build.0 = Debug|Any CPU
		{90CD2171-DA8E-4006-A1BA-8B39A9F7C6D0}.Debug|x64.ActiveCfg = Debug|Any CPU
		{90CD2171-DA8E-4006-A1BA-8B39A9F7C6D0}.Debug|x64.Build.0 = Debug|Any CPU
		{90CD2171-DA8E-4006-A1BA-8B39A9F7C6D0}.Debug|x86.ActiveCfg = Debug|Any CPU
		{90CD2171-DA8E-4006-A1BA-8B39A9F7C6D0}.Debug|x86.Build.0 = Debug|Any CPU
		{90CD2171-DA8E-4006-A1BA-8B39A9F7C6D0}.Release|Any CPU.ActiveCfg = Release|Any CPU
		{90CD2171-DA8E-4006-A1BA-8B39A9F7C6D0}.Release|Any CPU.Build.0 = Release|Any CPU
		{90CD2171-DA8E-4006-A1BA-8B39A9F7C6D0}.Release|x64.ActiveCfg = Release|Any CPU
		{90CD2171-DA8E-4006-A1BA-8B39A9F7C6D0}.Release|x64.Build.0 = Release|Any CPU
		{90CD2171-DA8E-4006-A1BA-8B39A9F7C6D0}.Release|x86.ActiveCfg = Release|Any CPU
		{90CD2171-DA8E-4006-A1BA-8B39A9F7C6D0}.Release|x86.Build.0 = Release|Any CPU
		{28E875E0-8FC5-4C50-B17B-A3A1095A0E7C}.Debug|Any CPU.ActiveCfg = Debug|Any CPU
		{28E875E0-8FC5-4C50-B17B-A3A1095A0E7C}.Debug|Any CPU.Build.0 = Debug|Any CPU
		{28E875E0-8FC5-4C50-B17B-A3A1095A0E7C}.Debug|x64.ActiveCfg = Debug|Any CPU
		{28E875E0-8FC5-4C50-B17B-A3A1095A0E7C}.Debug|x64.Build.0 = Debug|Any CPU
		{28E875E0-8FC5-4C50-B17B-A3A1095A0E7C}.Debug|x86.ActiveCfg = Debug|Any CPU
		{28E875E0-8FC5-4C50-B17B-A3A1095A0E7C}.Debug|x86.Build.0 = Debug|Any CPU
		{28E875E0-8FC5-4C50-B17B-A3A1095A0E7C}.Release|Any CPU.ActiveCfg = Release|Any CPU
		{28E875E0-8FC5-4C50-B17B-A3A1095A0E7C}.Release|Any CPU.Build.0 = Release|Any CPU
		{28E875E0-8FC5-4C50-B17B-A3A1095A0E7C}.Release|x64.ActiveCfg = Release|Any CPU
		{28E875E0-8FC5-4C50-B17B-A3A1095A0E7C}.Release|x64.Build.0 = Release|Any CPU
		{28E875E0-8FC5-4C50-B17B-A3A1095A0E7C}.Release|x86.ActiveCfg = Release|Any CPU
		{28E875E0-8FC5-4C50-B17B-A3A1095A0E7C}.Release|x86.Build.0 = Release|Any CPU
		{2026508E-C113-4EA2-9131-FC93DF9DF6F4}.Debug|Any CPU.ActiveCfg = Debug|Any CPU
		{2026508E-C113-4EA2-9131-FC93DF9DF6F4}.Debug|Any CPU.Build.0 = Debug|Any CPU
		{2026508E-C113-4EA2-9131-FC93DF9DF6F4}.Debug|x64.ActiveCfg = Debug|Any CPU
		{2026508E-C113-4EA2-9131-FC93DF9DF6F4}.Debug|x64.Build.0 = Debug|Any CPU
		{2026508E-C113-4EA2-9131-FC93DF9DF6F4}.Debug|x86.ActiveCfg = Debug|Any CPU
		{2026508E-C113-4EA2-9131-FC93DF9DF6F4}.Debug|x86.Build.0 = Debug|Any CPU
		{2026508E-C113-4EA2-9131-FC93DF9DF6F4}.Release|Any CPU.ActiveCfg = Release|Any CPU
		{2026508E-C113-4EA2-9131-FC93DF9DF6F4}.Release|Any CPU.Build.0 = Release|Any CPU
		{2026508E-C113-4EA2-9131-FC93DF9DF6F4}.Release|x64.ActiveCfg = Release|Any CPU
		{2026508E-C113-4EA2-9131-FC93DF9DF6F4}.Release|x64.Build.0 = Release|Any CPU
		{2026508E-C113-4EA2-9131-FC93DF9DF6F4}.Release|x86.ActiveCfg = Release|Any CPU
		{2026508E-C113-4EA2-9131-FC93DF9DF6F4}.Release|x86.Build.0 = Release|Any CPU
		{A675BEED-7E14-4804-91B9-78D25A9B811E}.Debug|Any CPU.ActiveCfg = Debug|Any CPU
		{A675BEED-7E14-4804-91B9-78D25A9B811E}.Debug|Any CPU.Build.0 = Debug|Any CPU
		{A675BEED-7E14-4804-91B9-78D25A9B811E}.Debug|x64.ActiveCfg = Debug|Any CPU
		{A675BEED-7E14-4804-91B9-78D25A9B811E}.Debug|x64.Build.0 = Debug|Any CPU
		{A675BEED-7E14-4804-91B9-78D25A9B811E}.Debug|x86.ActiveCfg = Debug|Any CPU
		{A675BEED-7E14-4804-91B9-78D25A9B811E}.Debug|x86.Build.0 = Debug|Any CPU
		{A675BEED-7E14-4804-91B9-78D25A9B811E}.Release|Any CPU.ActiveCfg = Release|Any CPU
		{A675BEED-7E14-4804-91B9-78D25A9B811E}.Release|Any CPU.Build.0 = Release|Any CPU
		{A675BEED-7E14-4804-91B9-78D25A9B811E}.Release|x64.ActiveCfg = Release|Any CPU
		{A675BEED-7E14-4804-91B9-78D25A9B811E}.Release|x64.Build.0 = Release|Any CPU
		{A675BEED-7E14-4804-91B9-78D25A9B811E}.Release|x86.ActiveCfg = Release|Any CPU
		{A675BEED-7E14-4804-91B9-78D25A9B811E}.Release|x86.Build.0 = Release|Any CPU
		{7ED7B688-051B-4B94-9ABA-ECA68D2CD290}.Debug|Any CPU.ActiveCfg = Debug|Any CPU
		{7ED7B688-051B-4B94-9ABA-ECA68D2CD290}.Debug|Any CPU.Build.0 = Debug|Any CPU
		{7ED7B688-051B-4B94-9ABA-ECA68D2CD290}.Debug|x64.ActiveCfg = Debug|Any CPU
		{7ED7B688-051B-4B94-9ABA-ECA68D2CD290}.Debug|x64.Build.0 = Debug|Any CPU
		{7ED7B688-051B-4B94-9ABA-ECA68D2CD290}.Debug|x86.ActiveCfg = Debug|Any CPU
		{7ED7B688-051B-4B94-9ABA-ECA68D2CD290}.Debug|x86.Build.0 = Debug|Any CPU
		{7ED7B688-051B-4B94-9ABA-ECA68D2CD290}.Release|Any CPU.ActiveCfg = Release|Any CPU
		{7ED7B688-051B-4B94-9ABA-ECA68D2CD290}.Release|Any CPU.Build.0 = Release|Any CPU
		{7ED7B688-051B-4B94-9ABA-ECA68D2CD290}.Release|x64.ActiveCfg = Release|Any CPU
		{7ED7B688-051B-4B94-9ABA-ECA68D2CD290}.Release|x64.Build.0 = Release|Any CPU
		{7ED7B688-051B-4B94-9ABA-ECA68D2CD290}.Release|x86.ActiveCfg = Release|Any CPU
		{7ED7B688-051B-4B94-9ABA-ECA68D2CD290}.Release|x86.Build.0 = Release|Any CPU
		{90701BBE-F35C-4E8F-B411-E8ABE50E69BA}.Debug|Any CPU.ActiveCfg = Debug|Any CPU
		{90701BBE-F35C-4E8F-B411-E8ABE50E69BA}.Debug|Any CPU.Build.0 = Debug|Any CPU
		{90701BBE-F35C-4E8F-B411-E8ABE50E69BA}.Debug|x64.ActiveCfg = Debug|Any CPU
		{90701BBE-F35C-4E8F-B411-E8ABE50E69BA}.Debug|x64.Build.0 = Debug|Any CPU
		{90701BBE-F35C-4E8F-B411-E8ABE50E69BA}.Debug|x86.ActiveCfg = Debug|Any CPU
		{90701BBE-F35C-4E8F-B411-E8ABE50E69BA}.Debug|x86.Build.0 = Debug|Any CPU
		{90701BBE-F35C-4E8F-B411-E8ABE50E69BA}.Release|Any CPU.ActiveCfg = Release|Any CPU
		{90701BBE-F35C-4E8F-B411-E8ABE50E69BA}.Release|Any CPU.Build.0 = Release|Any CPU
		{90701BBE-F35C-4E8F-B411-E8ABE50E69BA}.Release|x64.ActiveCfg = Release|Any CPU
		{90701BBE-F35C-4E8F-B411-E8ABE50E69BA}.Release|x64.Build.0 = Release|Any CPU
		{90701BBE-F35C-4E8F-B411-E8ABE50E69BA}.Release|x86.ActiveCfg = Release|Any CPU
		{90701BBE-F35C-4E8F-B411-E8ABE50E69BA}.Release|x86.Build.0 = Release|Any CPU
		{4C7DE179-668C-43B7-BB30-F30F6E8C01A8}.Debug|Any CPU.ActiveCfg = Debug|Any CPU
		{4C7DE179-668C-43B7-BB30-F30F6E8C01A8}.Debug|Any CPU.Build.0 = Debug|Any CPU
		{4C7DE179-668C-43B7-BB30-F30F6E8C01A8}.Debug|x64.ActiveCfg = Debug|Any CPU
		{4C7DE179-668C-43B7-BB30-F30F6E8C01A8}.Debug|x64.Build.0 = Debug|Any CPU
		{4C7DE179-668C-43B7-BB30-F30F6E8C01A8}.Debug|x86.ActiveCfg = Debug|Any CPU
		{4C7DE179-668C-43B7-BB30-F30F6E8C01A8}.Debug|x86.Build.0 = Debug|Any CPU
		{4C7DE179-668C-43B7-BB30-F30F6E8C01A8}.Release|Any CPU.ActiveCfg = Release|Any CPU
		{4C7DE179-668C-43B7-BB30-F30F6E8C01A8}.Release|Any CPU.Build.0 = Release|Any CPU
		{4C7DE179-668C-43B7-BB30-F30F6E8C01A8}.Release|x64.ActiveCfg = Release|Any CPU
		{4C7DE179-668C-43B7-BB30-F30F6E8C01A8}.Release|x64.Build.0 = Release|Any CPU
		{4C7DE179-668C-43B7-BB30-F30F6E8C01A8}.Release|x86.ActiveCfg = Release|Any CPU
		{4C7DE179-668C-43B7-BB30-F30F6E8C01A8}.Release|x86.Build.0 = Release|Any CPU
		{9C66D49C-3F72-42FB-977E-A1AC398516EC}.Debug|Any CPU.ActiveCfg = Debug|Any CPU
		{9C66D49C-3F72-42FB-977E-A1AC398516EC}.Debug|Any CPU.Build.0 = Debug|Any CPU
		{9C66D49C-3F72-42FB-977E-A1AC398516EC}.Debug|x64.ActiveCfg = Debug|Any CPU
		{9C66D49C-3F72-42FB-977E-A1AC398516EC}.Debug|x64.Build.0 = Debug|Any CPU
		{9C66D49C-3F72-42FB-977E-A1AC398516EC}.Debug|x86.ActiveCfg = Debug|Any CPU
		{9C66D49C-3F72-42FB-977E-A1AC398516EC}.Debug|x86.Build.0 = Debug|Any CPU
		{9C66D49C-3F72-42FB-977E-A1AC398516EC}.Release|Any CPU.ActiveCfg = Release|Any CPU
		{9C66D49C-3F72-42FB-977E-A1AC398516EC}.Release|Any CPU.Build.0 = Release|Any CPU
		{9C66D49C-3F72-42FB-977E-A1AC398516EC}.Release|x64.ActiveCfg = Release|Any CPU
		{9C66D49C-3F72-42FB-977E-A1AC398516EC}.Release|x64.Build.0 = Release|Any CPU
		{9C66D49C-3F72-42FB-977E-A1AC398516EC}.Release|x86.ActiveCfg = Release|Any CPU
		{9C66D49C-3F72-42FB-977E-A1AC398516EC}.Release|x86.Build.0 = Release|Any CPU
	EndGlobalSection
	GlobalSection(SolutionProperties) = preSolution
		HideSolutionNode = FALSE
	EndGlobalSection
EndGlobal
